
Microsoft Visual Studio Solution File, Format Version 12.00
# Visual Studio Version 16
VisualStudioVersion = 16.0.29215.179
MinimumVisualStudioVersion = 10.0.40219.1
Project("{FAE04EC0-301F-11D3-BF4B-00C04F79EFBC}") = "Q9xS", "Q9xS.csproj", "{870CD130-7D2B-44D6-BF7F-88EEB7706003}"
EndProject
Global
	GlobalSection(SolutionConfigurationPlatforms) = preSolution
		Debug|Any CPU = Debug|Any CPU
		Release|Any CPU = Release|Any CPU
	EndGlobalSection
	GlobalSection(ProjectConfigurationPlatforms) = postSolution
		{870CD130-7D2B-44D6-BF7F-88EEB7706003}.Debug|Any CPU.ActiveCfg = Debug|Any CPU
		{870CD130-7D2B-44D6-BF7F-88EEB7706003}.Debug|Any CPU.Build.0 = Debug|Any CPU
		{870CD130-7D2B-44D6-BF7F-88EEB7706003}.Release|Any CPU.ActiveCfg = Release|Any CPU
		{870CD130-7D2B-44D6-BF7F-88EEB7706003}.Release|Any CPU.Build.0 = Release|Any CPU
	EndGlobalSection
	GlobalSection(SolutionProperties) = preSolution
		HideSolutionNode = FALSE
	EndGlobalSection
	GlobalSection(ExtensibilityGlobals) = postSolution
		SolutionGuid = {E0C91FD3-7DA7-46BD-B9DA-A90BB38DD745}
	EndGlobalSection
EndGlobal
